// !$*UTF8*$!
{
	archiveVersion = 1;
	classes = {
	};
	objectVersion = 56;
	objects = {

/* Begin PBXBuildFile section */
		DA790B362AAF6B2100EB621E /* MyLaunch.storyboard in Resources */ = {isa = PBXBuildFile; fileRef = DA790B352AAF6B2100EB621E /* MyLaunch.storyboard */; };
		DA790B382AAF6B3600EB621E /* MyLaunchVC.swift in Sources */ = {isa = PBXBuildFile; fileRef = DA790B372AAF6B3600EB621E /* MyLaunchVC.swift */; };
		DA790B3D2AAF6C6E00EB621E /* HotelVC.swift in Sources */ = {isa = PBXBuildFile; fileRef = DA790B3C2AAF6C6E00EB621E /* HotelVC.swift */; };
		DA790B3F2AAF6C7600EB621E /* Hotel.storyboard in Resources */ = {isa = PBXBuildFile; fileRef = DA790B3E2AAF6C7600EB621E /* Hotel.storyboard */; };
		DA790B422AAF6E2E00EB621E /* ViewModel.swift in Sources */ = {isa = PBXBuildFile; fileRef = DA790B412AAF6E2E00EB621E /* ViewModel.swift */; };
		DA790B462AB0614500EB621E /* sf-pro-display-medium.otf in Resources */ = {isa = PBXBuildFile; fileRef = DA790B452AB0614500EB621E /* sf-pro-display-medium.otf */; };
		DA790B482AB062DB00EB621E /* sf-pro-display-semibold.otf in Resources */ = {isa = PBXBuildFile; fileRef = DA790B472AB062DB00EB621E /* sf-pro-display-semibold.otf */; };
		DA790B4A2AB0637000EB621E /* sf-pro-display-regular.otf in Resources */ = {isa = PBXBuildFile; fileRef = DA790B492AB0637000EB621E /* sf-pro-display-regular.otf */; };
		DA790B4D2AB0649400EB621E /* HotelCVC.swift in Sources */ = {isa = PBXBuildFile; fileRef = DA790B4C2AB0649400EB621E /* HotelCVC.swift */; };
		DA790B502AB082EB00EB621E /* HotelLayoutManager.swift in Sources */ = {isa = PBXBuildFile; fileRef = DA790B4F2AB082EB00EB621E /* HotelLayoutManager.swift */; };
		DA790B552AB0C49100EB621E /* Room.storyboard in Resources */ = {isa = PBXBuildFile; fileRef = DA790B542AB0C49100EB621E /* Room.storyboard */; };
		DA790B572AB0C4A600EB621E /* RoomVC.swift in Sources */ = {isa = PBXBuildFile; fileRef = DA790B562AB0C4A600EB621E /* RoomVC.swift */; };
		DA790B5A2AB0C8C700EB621E /* RoomCVC.swift in Sources */ = {isa = PBXBuildFile; fileRef = DA790B592AB0C8C700EB621E /* RoomCVC.swift */; };
		DA790B5C2AB0C8DC00EB621E /* RoomTVC.swift in Sources */ = {isa = PBXBuildFile; fileRef = DA790B5B2AB0C8DC00EB621E /* RoomTVC.swift */; };
		DA790B5F2AB102B800EB621E /* CoordinatorManager.swift in Sources */ = {isa = PBXBuildFile; fileRef = DA790B5E2AB102B800EB621E /* CoordinatorManager.swift */; };
		DA790B662AB108D300EB621E /* AppConstant.swift in Sources */ = {isa = PBXBuildFile; fileRef = DA790B652AB108D300EB621E /* AppConstant.swift */; };
		DA790B692AB1090300EB621E /* GetRequests.swift in Sources */ = {isa = PBXBuildFile; fileRef = DA790B682AB1090300EB621E /* GetRequests.swift */; };
		DA790B6E2AB1C96600EB621E /* Payed.storyboard in Resources */ = {isa = PBXBuildFile; fileRef = DA790B6D2AB1C96600EB621E /* Payed.storyboard */; };
		DA790B702AB1C9A800EB621E /* PayedVC.swift in Sources */ = {isa = PBXBuildFile; fileRef = DA790B6F2AB1C9A800EB621E /* PayedVC.swift */; };
		DACE2F2E2AAF6A620052A12D /* AppDelegate.swift in Sources */ = {isa = PBXBuildFile; fileRef = DACE2F2D2AAF6A620052A12D /* AppDelegate.swift */; };
		DACE2F372AAF6A640052A12D /* Assets.xcassets in Resources */ = {isa = PBXBuildFile; fileRef = DACE2F362AAF6A640052A12D /* Assets.xcassets */; };
		DACE2F3A2AAF6A640052A12D /* LaunchScreen.storyboard in Resources */ = {isa = PBXBuildFile; fileRef = DACE2F382AAF6A640052A12D /* LaunchScreen.storyboard */; };
		DAD47B742AB631F3009AA445 /* BookingTVCOne.swift in Sources */ = {isa = PBXBuildFile; fileRef = DAD47B732AB631F3009AA445 /* BookingTVCOne.swift */; };
		DAD47B772AB74CEC009AA445 /* BookingTVCFour.swift in Sources */ = {isa = PBXBuildFile; fileRef = DAD47B762AB74CEC009AA445 /* BookingTVCFour.swift */; };
		DAD47B792AB74CF6009AA445 /* BookingTVCFive.swift in Sources */ = {isa = PBXBuildFile; fileRef = DAD47B782AB74CF6009AA445 /* BookingTVCFive.swift */; };
		DAD47B7B2AB74CFE009AA445 /* BookingTVCSix.swift in Sources */ = {isa = PBXBuildFile; fileRef = DAD47B7A2AB74CFE009AA445 /* BookingTVCSix.swift */; };
		DAD47B7D2AB74D06009AA445 /* BookingTVCTwo.swift in Sources */ = {isa = PBXBuildFile; fileRef = DAD47B7C2AB74D06009AA445 /* BookingTVCTwo.swift */; };
		DAD47B7F2AB74D0E009AA445 /* BookingTVCThree.swift in Sources */ = {isa = PBXBuildFile; fileRef = DAD47B7E2AB74D0E009AA445 /* BookingTVCThree.swift */; };
		DADA79042AB3968E00220434 /* Booking.storyboard in Resources */ = {isa = PBXBuildFile; fileRef = DADA79032AB3968E00220434 /* Booking.storyboard */; };
		DADA79062AB396A800220434 /* BookingVC.swift in Sources */ = {isa = PBXBuildFile; fileRef = DADA79052AB396A800220434 /* BookingVC.swift */; };
		DADA79092AB3A08B00220434 /* BookingLayout.swift in Sources */ = {isa = PBXBuildFile; fileRef = DADA79082AB3A08B00220434 /* BookingLayout.swift */; };
		DAF5B6D82AB3815300042709 /* RoomLayoutManager.swift in Sources */ = {isa = PBXBuildFile; fileRef = DAF5B6D72AB3815300042709 /* RoomLayoutManager.swift */; };
		E74D4BB01B670CADC0957E59 /* Pods_RoomRover.framework in Frameworks */ = {isa = PBXBuildFile; fileRef = EF166400169BC0E154E7D25B /* Pods_RoomRover.framework */; };
/* End PBXBuildFile section */

/* Begin PBXFileReference section */
		179791E799418D75F4E6829A /* Pods-RoomRover.release.xcconfig */ = {isa = PBXFileReference; includeInIndex = 1; lastKnownFileType = text.xcconfig; name = "Pods-RoomRover.release.xcconfig"; path = "Target Support Files/Pods-RoomRover/Pods-RoomRover.release.xcconfig"; sourceTree = "<group>"; };
		9A3038A59B8A4D3F00E8FD34 /* Pods-RoomRover.debug.xcconfig */ = {isa = PBXFileReference; includeInIndex = 1; lastKnownFileType = text.xcconfig; name = "Pods-RoomRover.debug.xcconfig"; path = "Target Support Files/Pods-RoomRover/Pods-RoomRover.debug.xcconfig"; sourceTree = "<group>"; };
		DA790B352AAF6B2100EB621E /* MyLaunch.storyboard */ = {isa = PBXFileReference; lastKnownFileType = file.storyboard; path = MyLaunch.storyboard; sourceTree = "<group>"; };
		DA790B372AAF6B3600EB621E /* MyLaunchVC.swift */ = {isa = PBXFileReference; lastKnownFileType = sourcecode.swift; path = MyLaunchVC.swift; sourceTree = "<group>"; };
		DA790B3C2AAF6C6E00EB621E /* HotelVC.swift */ = {isa = PBXFileReference; lastKnownFileType = sourcecode.swift; path = HotelVC.swift; sourceTree = "<group>"; };
		DA790B3E2AAF6C7600EB621E /* Hotel.storyboard */ = {isa = PBXFileReference; lastKnownFileType = file.storyboard; path = Hotel.storyboard; sourceTree = "<group>"; };
		DA790B412AAF6E2E00EB621E /* ViewModel.swift */ = {isa = PBXFileReference; lastKnownFileType = sourcecode.swift; path = ViewModel.swift; sourceTree = "<group>"; };
		DA790B452AB0614500EB621E /* sf-pro-display-medium.otf */ = {isa = PBXFileReference; lastKnownFileType = file; path = "sf-pro-display-medium.otf"; sourceTree = "<group>"; };
		DA790B472AB062DB00EB621E /* sf-pro-display-semibold.otf */ = {isa = PBXFileReference; lastKnownFileType = file; path = "sf-pro-display-semibold.otf"; sourceTree = "<group>"; };
		DA790B492AB0637000EB621E /* sf-pro-display-regular.otf */ = {isa = PBXFileReference; lastKnownFileType = file; path = "sf-pro-display-regular.otf"; sourceTree = "<group>"; };
		DA790B4C2AB0649400EB621E /* HotelCVC.swift */ = {isa = PBXFileReference; lastKnownFileType = sourcecode.swift; path = HotelCVC.swift; sourceTree = "<group>"; };
		DA790B4F2AB082EB00EB621E /* HotelLayoutManager.swift */ = {isa = PBXFileReference; lastKnownFileType = sourcecode.swift; path = HotelLayoutManager.swift; sourceTree = "<group>"; };
		DA790B542AB0C49100EB621E /* Room.storyboard */ = {isa = PBXFileReference; lastKnownFileType = file.storyboard; path = Room.storyboard; sourceTree = "<group>"; };
		DA790B562AB0C4A600EB621E /* RoomVC.swift */ = {isa = PBXFileReference; lastKnownFileType = sourcecode.swift; path = RoomVC.swift; sourceTree = "<group>"; };
		DA790B592AB0C8C700EB621E /* RoomCVC.swift */ = {isa = PBXFileReference; lastKnownFileType = sourcecode.swift; path = RoomCVC.swift; sourceTree = "<group>"; };
		DA790B5B2AB0C8DC00EB621E /* RoomTVC.swift */ = {isa = PBXFileReference; lastKnownFileType = sourcecode.swift; path = RoomTVC.swift; sourceTree = "<group>"; };
		DA790B5E2AB102B800EB621E /* CoordinatorManager.swift */ = {isa = PBXFileReference; lastKnownFileType = sourcecode.swift; path = CoordinatorManager.swift; sourceTree = "<group>"; };
		DA790B652AB108D300EB621E /* AppConstant.swift */ = {isa = PBXFileReference; lastKnownFileType = sourcecode.swift; path = AppConstant.swift; sourceTree = "<group>"; };
		DA790B682AB1090300EB621E /* GetRequests.swift */ = {isa = PBXFileReference; lastKnownFileType = sourcecode.swift; path = GetRequests.swift; sourceTree = "<group>"; };
		DA790B6D2AB1C96600EB621E /* Payed.storyboard */ = {isa = PBXFileReference; lastKnownFileType = file.storyboard; path = Payed.storyboard; sourceTree = "<group>"; };
		DA790B6F2AB1C9A800EB621E /* PayedVC.swift */ = {isa = PBXFileReference; lastKnownFileType = sourcecode.swift; path = PayedVC.swift; sourceTree = "<group>"; };
		DACE2F2A2AAF6A620052A12D /* RoomRover.app */ = {isa = PBXFileReference; explicitFileType = wrapper.application; includeInIndex = 0; path = RoomRover.app; sourceTree = BUILT_PRODUCTS_DIR; };
		DACE2F2D2AAF6A620052A12D /* AppDelegate.swift */ = {isa = PBXFileReference; lastKnownFileType = sourcecode.swift; path = AppDelegate.swift; sourceTree = "<group>"; };
		DACE2F362AAF6A640052A12D /* Assets.xcassets */ = {isa = PBXFileReference; lastKnownFileType = folder.assetcatalog; path = Assets.xcassets; sourceTree = "<group>"; };
		DACE2F392AAF6A640052A12D /* Base */ = {isa = PBXFileReference; lastKnownFileType = file.storyboard; name = Base; path = Base.lproj/LaunchScreen.storyboard; sourceTree = "<group>"; };
		DACE2F3B2AAF6A640052A12D /* Info.plist */ = {isa = PBXFileReference; lastKnownFileType = text.plist.xml; path = Info.plist; sourceTree = "<group>"; };
		DAD47B732AB631F3009AA445 /* BookingTVCOne.swift */ = {isa = PBXFileReference; lastKnownFileType = sourcecode.swift; path = BookingTVCOne.swift; sourceTree = "<group>"; };
		DAD47B762AB74CEC009AA445 /* BookingTVCFour.swift */ = {isa = PBXFileReference; lastKnownFileType = sourcecode.swift; path = BookingTVCFour.swift; sourceTree = "<group>"; };
		DAD47B782AB74CF6009AA445 /* BookingTVCFive.swift */ = {isa = PBXFileReference; lastKnownFileType = sourcecode.swift; path = BookingTVCFive.swift; sourceTree = "<group>"; };
		DAD47B7A2AB74CFE009AA445 /* BookingTVCSix.swift */ = {isa = PBXFileReference; lastKnownFileType = sourcecode.swift; path = BookingTVCSix.swift; sourceTree = "<group>"; };
		DAD47B7C2AB74D06009AA445 /* BookingTVCTwo.swift */ = {isa = PBXFileReference; lastKnownFileType = sourcecode.swift; path = BookingTVCTwo.swift; sourceTree = "<group>"; };
		DAD47B7E2AB74D0E009AA445 /* BookingTVCThree.swift */ = {isa = PBXFileReference; lastKnownFileType = sourcecode.swift; path = BookingTVCThree.swift; sourceTree = "<group>"; };
		DADA79032AB3968E00220434 /* Booking.storyboard */ = {isa = PBXFileReference; lastKnownFileType = file.storyboard; path = Booking.storyboard; sourceTree = "<group>"; };
		DADA79052AB396A800220434 /* BookingVC.swift */ = {isa = PBXFileReference; lastKnownFileType = sourcecode.swift; path = BookingVC.swift; sourceTree = "<group>"; };
		DADA79082AB3A08B00220434 /* BookingLayout.swift */ = {isa = PBXFileReference; lastKnownFileType = sourcecode.swift; path = BookingLayout.swift; sourceTree = "<group>"; };
		DAF5B6D72AB3815300042709 /* RoomLayoutManager.swift */ = {isa = PBXFileReference; lastKnownFileType = sourcecode.swift; path = RoomLayoutManager.swift; sourceTree = "<group>"; };
		EF166400169BC0E154E7D25B /* Pods_RoomRover.framework */ = {isa = PBXFileReference; explicitFileType = wrapper.framework; includeInIndex = 0; path = Pods_RoomRover.framework; sourceTree = BUILT_PRODUCTS_DIR; };
/* End PBXFileReference section */

/* Begin PBXFrameworksBuildPhase section */
		DACE2F272AAF6A620052A12D /* Frameworks */ = {
			isa = PBXFrameworksBuildPhase;
			buildActionMask = 2147483647;
			files = (
				E74D4BB01B670CADC0957E59 /* Pods_RoomRover.framework in Frameworks */,
			);
			runOnlyForDeploymentPostprocessing = 0;
		};
/* End PBXFrameworksBuildPhase section */

/* Begin PBXGroup section */
		0C3ECF5C36AA9EB5F4C9672A /* Frameworks */ = {
			isa = PBXGroup;
			children = (
				EF166400169BC0E154E7D25B /* Pods_RoomRover.framework */,
			);
			name = Frameworks;
			sourceTree = "<group>";
		};
		6072FF353E912E1AD9B129A1 /* Pods */ = {
			isa = PBXGroup;
			children = (
				9A3038A59B8A4D3F00E8FD34 /* Pods-RoomRover.debug.xcconfig */,
				179791E799418D75F4E6829A /* Pods-RoomRover.release.xcconfig */,
			);
			path = Pods;
			sourceTree = "<group>";
		};
		DA790B392AAF6C3F00EB621E /* Hotel */ = {
			isa = PBXGroup;
			children = (
				DA790B4E2AB082C900EB621E /* Layout */,
				DA790B4B2AB0647900EB621E /* Cell */,
				DA790B3B2AAF6C6600EB621E /* Controller */,
				DA790B3A2AAF6C5F00EB621E /* Storyboard */,
			);
			path = Hotel;
			sourceTree = "<group>";
		};
		DA790B3A2AAF6C5F00EB621E /* Storyboard */ = {
			isa = PBXGroup;
			children = (
				DA790B3E2AAF6C7600EB621E /* Hotel.storyboard */,
			);
			path = Storyboard;
			sourceTree = "<group>";
		};
		DA790B3B2AAF6C6600EB621E /* Controller */ = {
			isa = PBXGroup;
			children = (
				DA790B3C2AAF6C6E00EB621E /* HotelVC.swift */,
			);
			path = Controller;
			sourceTree = "<group>";
		};
		DA790B402AAF6E1600EB621E /* ViewModel */ = {
			isa = PBXGroup;
			children = (
				DA790B412AAF6E2E00EB621E /* ViewModel.swift */,
			);
			path = ViewModel;
			sourceTree = "<group>";
		};
		DA790B432AB0613300EB621E /* Components */ = {
			isa = PBXGroup;
			children = (
				DA790B442AB0613A00EB621E /* Fonts */,
			);
			path = Components;
			sourceTree = "<group>";
		};
		DA790B442AB0613A00EB621E /* Fonts */ = {
			isa = PBXGroup;
			children = (
				DA790B492AB0637000EB621E /* sf-pro-display-regular.otf */,
				DA790B472AB062DB00EB621E /* sf-pro-display-semibold.otf */,
				DA790B452AB0614500EB621E /* sf-pro-display-medium.otf */,
			);
			path = Fonts;
			sourceTree = "<group>";
		};
		DA790B4B2AB0647900EB621E /* Cell */ = {
			isa = PBXGroup;
			children = (
				DA790B4C2AB0649400EB621E /* HotelCVC.swift */,
			);
			path = Cell;
			sourceTree = "<group>";
		};
		DA790B4E2AB082C900EB621E /* Layout */ = {
			isa = PBXGroup;
			children = (
				DA790B4F2AB082EB00EB621E /* HotelLayoutManager.swift */,
			);
			path = Layout;
			sourceTree = "<group>";
		};
		DA790B512AB0C48300EB621E /* Room */ = {
			isa = PBXGroup;
			children = (
				DAF5B6D62AB3814700042709 /* Layout */,
				DA790B582AB0C8A700EB621E /* Cell */,
				DA790B532AB0C48800EB621E /* Storyboard */,
				DA790B522AB0C48500EB621E /* Controller */,
			);
			path = Room;
			sourceTree = "<group>";
		};
		DA790B522AB0C48500EB621E /* Controller */ = {
			isa = PBXGroup;
			children = (
				DA790B562AB0C4A600EB621E /* RoomVC.swift */,
			);
			path = Controller;
			sourceTree = "<group>";
		};
		DA790B532AB0C48800EB621E /* Storyboard */ = {
			isa = PBXGroup;
			children = (
				DA790B542AB0C49100EB621E /* Room.storyboard */,
			);
			path = Storyboard;
			sourceTree = "<group>";
		};
		DA790B582AB0C8A700EB621E /* Cell */ = {
			isa = PBXGroup;
			children = (
				DA790B592AB0C8C700EB621E /* RoomCVC.swift */,
				DA790B5B2AB0C8DC00EB621E /* RoomTVC.swift */,
			);
			path = Cell;
			sourceTree = "<group>";
		};
		DA790B5D2AB102A800EB621E /* Coordinator */ = {
			isa = PBXGroup;
			children = (
				DA790B5E2AB102B800EB621E /* CoordinatorManager.swift */,
			);
			path = Coordinator;
			sourceTree = "<group>";
		};
		DA790B632AB1088600EB621E /* Core */ = {
			isa = PBXGroup;
			children = (
				DA790B672AB108F700EB621E /* GetRequests */,
				DA790B642AB108C800EB621E /* AppConstant */,
				DA790B402AAF6E1600EB621E /* ViewModel */,
				DA790B5D2AB102A800EB621E /* Coordinator */,
			);
			path = Core;
			sourceTree = "<group>";
		};
		DA790B642AB108C800EB621E /* AppConstant */ = {
			isa = PBXGroup;
			children = (
				DA790B652AB108D300EB621E /* AppConstant.swift */,
			);
			path = AppConstant;
			sourceTree = "<group>";
		};
		DA790B672AB108F700EB621E /* GetRequests */ = {
			isa = PBXGroup;
			children = (
				DA790B682AB1090300EB621E /* GetRequests.swift */,
			);
			path = GetRequests;
			sourceTree = "<group>";
		};
		DA790B6A2AB1C94B00EB621E /* Payed */ = {
			isa = PBXGroup;
			children = (
				DA790B6C2AB1C95B00EB621E /* Storyboard */,
				DA790B6B2AB1C95300EB621E /* Controller */,
			);
			path = Payed;
			sourceTree = "<group>";
		};
		DA790B6B2AB1C95300EB621E /* Controller */ = {
			isa = PBXGroup;
			children = (
				DA790B6F2AB1C9A800EB621E /* PayedVC.swift */,
			);
			path = Controller;
			sourceTree = "<group>";
		};
		DA790B6C2AB1C95B00EB621E /* Storyboard */ = {
			isa = PBXGroup;
			children = (
				DA790B6D2AB1C96600EB621E /* Payed.storyboard */,
			);
			path = Storyboard;
			sourceTree = "<group>";
		};
		DACE2F212AAF6A620052A12D = {
			isa = PBXGroup;
			children = (
				DACE2F2C2AAF6A620052A12D /* RoomRover */,
				DACE2F2B2AAF6A620052A12D /* Products */,
				6072FF353E912E1AD9B129A1 /* Pods */,
				0C3ECF5C36AA9EB5F4C9672A /* Frameworks */,
			);
			sourceTree = "<group>";
		};
		DACE2F2B2AAF6A620052A12D /* Products */ = {
			isa = PBXGroup;
			children = (
				DACE2F2A2AAF6A620052A12D /* RoomRover.app */,
			);
			name = Products;
			sourceTree = "<group>";
		};
		DACE2F2C2AAF6A620052A12D /* RoomRover */ = {
			isa = PBXGroup;
			children = (
				DACE2F2D2AAF6A620052A12D /* AppDelegate.swift */,
				DACE2F412AAF6AA30052A12D /* Groups */,
				DACE2F362AAF6A640052A12D /* Assets.xcassets */,
				DACE2F3B2AAF6A640052A12D /* Info.plist */,
				DA790B632AB1088600EB621E /* Core */,
				DA790B432AB0613300EB621E /* Components */,
			);
			path = RoomRover;
			sourceTree = "<group>";
		};
		DACE2F412AAF6AA30052A12D /* Groups */ = {
			isa = PBXGroup;
			children = (
				DA790B6A2AB1C94B00EB621E /* Payed */,
				DADA79002AB3967400220434 /* Booking */,
				DA790B512AB0C48300EB621E /* Room */,
				DA790B392AAF6C3F00EB621E /* Hotel */,
				DACE2F432AAF6AB10052A12D /* MyLaunch */,
				DACE2F422AAF6AA80052A12D /* Launch */,
			);
			path = Groups;
			sourceTree = "<group>";
		};
		DACE2F422AAF6AA80052A12D /* Launch */ = {
			isa = PBXGroup;
			children = (
				DACE2F382AAF6A640052A12D /* LaunchScreen.storyboard */,
			);
			path = Launch;
			sourceTree = "<group>";
		};
		DACE2F432AAF6AB10052A12D /* MyLaunch */ = {
			isa = PBXGroup;
			children = (
				DACE2F472AAF6ADC0052A12D /* Storyboard */,
				DACE2F462AAF6AD20052A12D /* Controller */,
			);
			path = MyLaunch;
			sourceTree = "<group>";
		};
		DACE2F462AAF6AD20052A12D /* Controller */ = {
			isa = PBXGroup;
			children = (
				DA790B372AAF6B3600EB621E /* MyLaunchVC.swift */,
			);
			path = Controller;
			sourceTree = "<group>";
		};
		DACE2F472AAF6ADC0052A12D /* Storyboard */ = {
			isa = PBXGroup;
			children = (
				DA790B352AAF6B2100EB621E /* MyLaunch.storyboard */,
			);
			path = Storyboard;
			sourceTree = "<group>";
		};
		DAD47B712AB62F84009AA445 /* cell */ = {
			isa = PBXGroup;
			children = (
				DAD47B732AB631F3009AA445 /* BookingTVCOne.swift */,
				DAD47B7C2AB74D06009AA445 /* BookingTVCTwo.swift */,
				DAD47B7E2AB74D0E009AA445 /* BookingTVCThree.swift */,
				DAD47B762AB74CEC009AA445 /* BookingTVCFour.swift */,
				DAD47B782AB74CF6009AA445 /* BookingTVCFive.swift */,
				DAD47B7A2AB74CFE009AA445 /* BookingTVCSix.swift */,
			);
			path = cell;
			sourceTree = "<group>";
		};
		DADA79002AB3967400220434 /* Booking */ = {
			isa = PBXGroup;
			children = (
				DAD47B712AB62F84009AA445 /* cell */,
				DADA79072AB3A08100220434 /* Layout */,
				DADA79022AB3968300220434 /* Storyboard */,
				DADA79012AB3967F00220434 /* Controller */,
			);
			path = Booking;
			sourceTree = "<group>";
		};
		DADA79012AB3967F00220434 /* Controller */ = {
			isa = PBXGroup;
			children = (
				DADA79052AB396A800220434 /* BookingVC.swift */,
			);
			path = Controller;
			sourceTree = "<group>";
		};
		DADA79022AB3968300220434 /* Storyboard */ = {
			isa = PBXGroup;
			children = (
				DADA79032AB3968E00220434 /* Booking.storyboard */,
			);
			path = Storyboard;
			sourceTree = "<group>";
		};
		DADA79072AB3A08100220434 /* Layout */ = {
			isa = PBXGroup;
			children = (
				DADA79082AB3A08B00220434 /* BookingLayout.swift */,
			);
			path = Layout;
			sourceTree = "<group>";
		};
		DAF5B6D62AB3814700042709 /* Layout */ = {
			isa = PBXGroup;
			children = (
				DAF5B6D72AB3815300042709 /* RoomLayoutManager.swift */,
			);
			path = Layout;
			sourceTree = "<group>";
		};
/* End PBXGroup section */

/* Begin PBXNativeTarget section */
		DACE2F292AAF6A620052A12D /* RoomRover */ = {
			isa = PBXNativeTarget;
			buildConfigurationList = DACE2F3E2AAF6A640052A12D /* Build configuration list for PBXNativeTarget "RoomRover" */;
			buildPhases = (
				773CBC239A22E5128FF6BCBF /* [CP] Check Pods Manifest.lock */,
				DACE2F262AAF6A620052A12D /* Sources */,
				DACE2F272AAF6A620052A12D /* Frameworks */,
				DACE2F282AAF6A620052A12D /* Resources */,
				8982D621ED8522C7A726C0C2 /* [CP] Embed Pods Frameworks */,
			);
			buildRules = (
			);
			dependencies = (
			);
			name = RoomRover;
			productName = RoomRover;
			productReference = DACE2F2A2AAF6A620052A12D /* RoomRover.app */;
			productType = "com.apple.product-type.application";
		};
/* End PBXNativeTarget section */

/* Begin PBXProject section */
		DACE2F222AAF6A620052A12D /* Project object */ = {
			isa = PBXProject;
			attributes = {
				BuildIndependentTargetsInParallel = 1;
				LastSwiftUpdateCheck = 1420;
				LastUpgradeCheck = 1420;
				TargetAttributes = {
					DACE2F292AAF6A620052A12D = {
						CreatedOnToolsVersion = 14.2;
					};
				};
			};
			buildConfigurationList = DACE2F252AAF6A620052A12D /* Build configuration list for PBXProject "RoomRover" */;
			compatibilityVersion = "Xcode 14.0";
			developmentRegion = en;
			hasScannedForEncodings = 0;
			knownRegions = (
				en,
				Base,
			);
			mainGroup = DACE2F212AAF6A620052A12D;
			productRefGroup = DACE2F2B2AAF6A620052A12D /* Products */;
			projectDirPath = "";
			projectRoot = "";
			targets = (
				DACE2F292AAF6A620052A12D /* RoomRover */,
			);
		};
/* End PBXProject section */

/* Begin PBXResourcesBuildPhase section */
		DACE2F282AAF6A620052A12D /* Resources */ = {
			isa = PBXResourcesBuildPhase;
			buildActionMask = 2147483647;
			files = (
				DA790B482AB062DB00EB621E /* sf-pro-display-semibold.otf in Resources */,
				DA790B462AB0614500EB621E /* sf-pro-display-medium.otf in Resources */,
				DACE2F3A2AAF6A640052A12D /* LaunchScreen.storyboard in Resources */,
				DA790B552AB0C49100EB621E /* Room.storyboard in Resources */,
				DACE2F372AAF6A640052A12D /* Assets.xcassets in Resources */,
				DA790B6E2AB1C96600EB621E /* Payed.storyboard in Resources */,
				DADA79042AB3968E00220434 /* Booking.storyboard in Resources */,
				DA790B362AAF6B2100EB621E /* MyLaunch.storyboard in Resources */,
				DA790B3F2AAF6C7600EB621E /* Hotel.storyboard in Resources */,
				DA790B4A2AB0637000EB621E /* sf-pro-display-regular.otf in Resources */,
			);
			runOnlyForDeploymentPostprocessing = 0;
		};
/* End PBXResourcesBuildPhase section */

/* Begin PBXShellScriptBuildPhase section */
		773CBC239A22E5128FF6BCBF /* [CP] Check Pods Manifest.lock */ = {
			isa = PBXShellScriptBuildPhase;
			buildActionMask = 2147483647;
			files = (
			);
			inputFileListPaths = (
			);
			inputPaths = (
				"${PODS_PODFILE_DIR_PATH}/Podfile.lock",
				"${PODS_ROOT}/Manifest.lock",
			);
			name = "[CP] Check Pods Manifest.lock";
			outputFileListPaths = (
			);
			outputPaths = (
				"$(DERIVED_FILE_DIR)/Pods-RoomRover-checkManifestLockResult.txt",
			);
			runOnlyForDeploymentPostprocessing = 0;
			shellPath = /bin/sh;
			shellScript = "diff \"${PODS_PODFILE_DIR_PATH}/Podfile.lock\" \"${PODS_ROOT}/Manifest.lock\" > /dev/null\nif [ $? != 0 ] ; then\n    # print error to STDERR\n    echo \"error: The sandbox is not in sync with the Podfile.lock. Run 'pod install' or update your CocoaPods installation.\" >&2\n    exit 1\nfi\n# This output is used by Xcode 'outputs' to avoid re-running this script phase.\necho \"SUCCESS\" > \"${SCRIPT_OUTPUT_FILE_0}\"\n";
			showEnvVarsInLog = 0;
		};
		8982D621ED8522C7A726C0C2 /* [CP] Embed Pods Frameworks */ = {
			isa = PBXShellScriptBuildPhase;
			buildActionMask = 2147483647;
			files = (
			);
			inputFileListPaths = (
				"${PODS_ROOT}/Target Support Files/Pods-RoomRover/Pods-RoomRover-frameworks-${CONFIGURATION}-input-files.xcfilelist",
			);
			name = "[CP] Embed Pods Frameworks";
			outputFileListPaths = (
				"${PODS_ROOT}/Target Support Files/Pods-RoomRover/Pods-RoomRover-frameworks-${CONFIGURATION}-output-files.xcfilelist",
			);
			runOnlyForDeploymentPostprocessing = 0;
			shellPath = /bin/sh;
			shellScript = "\"${PODS_ROOT}/Target Support Files/Pods-RoomRover/Pods-RoomRover-frameworks.sh\"\n";
			showEnvVarsInLog = 0;
		};
/* End PBXShellScriptBuildPhase section */

/* Begin PBXSourcesBuildPhase section */
		DACE2F262AAF6A620052A12D /* Sources */ = {
			isa = PBXSourcesBuildPhase;
			buildActionMask = 2147483647;
			files = (
				DAD47B7B2AB74CFE009AA445 /* BookingTVCSix.swift in Sources */,
				DAD47B742AB631F3009AA445 /* BookingTVCOne.swift in Sources */,
				DADA79062AB396A800220434 /* BookingVC.swift in Sources */,
				DACE2F2E2AAF6A620052A12D /* AppDelegate.swift in Sources */,
				DA790B662AB108D300EB621E /* AppConstant.swift in Sources */,
				DA790B5A2AB0C8C700EB621E /* RoomCVC.swift in Sources */,
				DA790B5F2AB102B800EB621E /* CoordinatorManager.swift in Sources */,
				DADA79092AB3A08B00220434 /* BookingLayout.swift in Sources */,
				DA790B692AB1090300EB621E /* GetRequests.swift in Sources */,
				DAD47B792AB74CF6009AA445 /* BookingTVCFive.swift in Sources */,
				DA790B572AB0C4A600EB621E /* RoomVC.swift in Sources */,
				DAF5B6D82AB3815300042709 /* RoomLayoutManager.swift in Sources */,
				DA790B382AAF6B3600EB621E /* MyLaunchVC.swift in Sources */,
				DA790B422AAF6E2E00EB621E /* ViewModel.swift in Sources */,
				DA790B5C2AB0C8DC00EB621E /* RoomTVC.swift in Sources */,
				DA790B4D2AB0649400EB621E /* HotelCVC.swift in Sources */,
				DAD47B7F2AB74D0E009AA445 /* BookingTVCThree.swift in Sources */,
				DA790B702AB1C9A800EB621E /* PayedVC.swift in Sources */,
				DA790B502AB082EB00EB621E /* HotelLayoutManager.swift in Sources */,
				DA790B3D2AAF6C6E00EB621E /* HotelVC.swift in Sources */,
				DAD47B7D2AB74D06009AA445 /* BookingTVCTwo.swift in Sources */,
				DAD47B772AB74CEC009AA445 /* BookingTVCFour.swift in Sources */,
			);
			runOnlyForDeploymentPostprocessing = 0;
		};
/* End PBXSourcesBuildPhase section */

/* Begin PBXVariantGroup section */
		DACE2F382AAF6A640052A12D /* LaunchScreen.storyboard */ = {
			isa = PBXVariantGroup;
			children = (
				DACE2F392AAF6A640052A12D /* Base */,
			);
			name = LaunchScreen.storyboard;
			sourceTree = "<group>";
		};
/* End PBXVariantGroup section */

/* Begin XCBuildConfiguration section */
		DACE2F3C2AAF6A640052A12D /* Debug */ = {
			isa = XCBuildConfiguration;
			buildSettings = {
				ALWAYS_SEARCH_USER_PATHS = NO;
				CLANG_ANALYZER_NONNULL = YES;
				CLANG_ANALYZER_NUMBER_OBJECT_CONVERSION = YES_AGGRESSIVE;
				CLANG_CXX_LANGUAGE_STANDARD = "gnu++20";
				CLANG_ENABLE_MODULES = YES;
				CLANG_ENABLE_OBJC_ARC = YES;
				CLANG_ENABLE_OBJC_WEAK = YES;
				CLANG_WARN_BLOCK_CAPTURE_AUTORELEASING = YES;
				CLANG_WARN_BOOL_CONVERSION = YES;
				CLANG_WARN_COMMA = YES;
				CLANG_WARN_CONSTANT_CONVERSION = YES;
				CLANG_WARN_DEPRECATED_OBJC_IMPLEMENTATIONS = YES;
				CLANG_WARN_DIRECT_OBJC_ISA_USAGE = YES_ERROR;
				CLANG_WARN_DOCUMENTATION_COMMENTS = YES;
				CLANG_WARN_EMPTY_BODY = YES;
				CLANG_WARN_ENUM_CONVERSION = YES;
				CLANG_WARN_INFINITE_RECURSION = YES;
				CLANG_WARN_INT_CONVERSION = YES;
				CLANG_WARN_NON_LITERAL_NULL_CONVERSION = YES;
				CLANG_WARN_OBJC_IMPLICIT_RETAIN_SELF = YES;
				CLANG_WARN_OBJC_LITERAL_CONVERSION = YES;
				CLANG_WARN_OBJC_ROOT_CLASS = YES_ERROR;
				CLANG_WARN_QUOTED_INCLUDE_IN_FRAMEWORK_HEADER = YES;
				CLANG_WARN_RANGE_LOOP_ANALYSIS = YES;
				CLANG_WARN_STRICT_PROTOTYPES = YES;
				CLANG_WARN_SUSPICIOUS_MOVE = YES;
				CLANG_WARN_UNGUARDED_AVAILABILITY = YES_AGGRESSIVE;
				CLANG_WARN_UNREACHABLE_CODE = YES;
				CLANG_WARN__DUPLICATE_METHOD_MATCH = YES;
				COPY_PHASE_STRIP = NO;
				DEBUG_INFORMATION_FORMAT = dwarf;
				ENABLE_STRICT_OBJC_MSGSEND = YES;
				ENABLE_TESTABILITY = YES;
				GCC_C_LANGUAGE_STANDARD = gnu11;
				GCC_DYNAMIC_NO_PIC = NO;
				GCC_NO_COMMON_BLOCKS = YES;
				GCC_OPTIMIZATION_LEVEL = 0;
				GCC_PREPROCESSOR_DEFINITIONS = (
					"DEBUG=1",
					"$(inherited)",
				);
				GCC_WARN_64_TO_32_BIT_CONVERSION = YES;
				GCC_WARN_ABOUT_RETURN_TYPE = YES_ERROR;
				GCC_WARN_UNDECLARED_SELECTOR = YES;
				GCC_WARN_UNINITIALIZED_AUTOS = YES_AGGRESSIVE;
				GCC_WARN_UNUSED_FUNCTION = YES;
				GCC_WARN_UNUSED_VARIABLE = YES;
				IPHONEOS_DEPLOYMENT_TARGET = 14.0;
				MTL_ENABLE_DEBUG_INFO = INCLUDE_SOURCE;
				MTL_FAST_MATH = YES;
				ONLY_ACTIVE_ARCH = YES;
				SDKROOT = iphoneos;
				SWIFT_ACTIVE_COMPILATION_CONDITIONS = DEBUG;
				SWIFT_OPTIMIZATION_LEVEL = "-Onone";
			};
			name = Debug;
		};
		DACE2F3D2AAF6A640052A12D /* Release */ = {
			isa = XCBuildConfiguration;
			buildSettings = {
				ALWAYS_SEARCH_USER_PATHS = NO;
				CLANG_ANALYZER_NONNULL = YES;
				CLANG_ANALYZER_NUMBER_OBJECT_CONVERSION = YES_AGGRESSIVE;
				CLANG_CXX_LANGUAGE_STANDARD = "gnu++20";
				CLANG_ENABLE_MODULES = YES;
				CLANG_ENABLE_OBJC_ARC = YES;
				CLANG_ENABLE_OBJC_WEAK = YES;
				CLANG_WARN_BLOCK_CAPTURE_AUTORELEASING = YES;
				CLANG_WARN_BOOL_CONVERSION = YES;
				CLANG_WARN_COMMA = YES;
				CLANG_WARN_CONSTANT_CONVERSION = YES;
				CLANG_WARN_DEPRECATED_OBJC_IMPLEMENTATIONS = YES;
				CLANG_WARN_DIRECT_OBJC_ISA_USAGE = YES_ERROR;
				CLANG_WARN_DOCUMENTATION_COMMENTS = YES;
				CLANG_WARN_EMPTY_BODY = YES;
				CLANG_WARN_ENUM_CONVERSION = YES;
				CLANG_WARN_INFINITE_RECURSION = YES;
				CLANG_WARN_INT_CONVERSION = YES;
				CLANG_WARN_NON_LITERAL_NULL_CONVERSION = YES;
				CLANG_WARN_OBJC_IMPLICIT_RETAIN_SELF = YES;
				CLANG_WARN_OBJC_LITERAL_CONVERSION = YES;
				CLANG_WARN_OBJC_ROOT_CLASS = YES_ERROR;
				CLANG_WARN_QUOTED_INCLUDE_IN_FRAMEWORK_HEADER = YES;
				CLANG_WARN_RANGE_LOOP_ANALYSIS = YES;
				CLANG_WARN_STRICT_PROTOTYPES = YES;
				CLANG_WARN_SUSPICIOUS_MOVE = YES;
				CLANG_WARN_UNGUARDED_AVAILABILITY = YES_AGGRESSIVE;
				CLANG_WARN_UNREACHABLE_CODE = YES;
				CLANG_WARN__DUPLICATE_METHOD_MATCH = YES;
				COPY_PHASE_STRIP = NO;
				DEBUG_INFORMATION_FORMAT = "dwarf-with-dsym";
				ENABLE_NS_ASSERTIONS = NO;
				ENABLE_STRICT_OBJC_MSGSEND = YES;
				GCC_C_LANGUAGE_STANDARD = gnu11;
				GCC_NO_COMMON_BLOCKS = YES;
				GCC_WARN_64_TO_32_BIT_CONVERSION = YES;
				GCC_WARN_ABOUT_RETURN_TYPE = YES_ERROR;
				GCC_WARN_UNDECLARED_SELECTOR = YES;
				GCC_WARN_UNINITIALIZED_AUTOS = YES_AGGRESSIVE;
				GCC_WARN_UNUSED_FUNCTION = YES;
				GCC_WARN_UNUSED_VARIABLE = YES;
				IPHONEOS_DEPLOYMENT_TARGET = 14.0;
				MTL_ENABLE_DEBUG_INFO = NO;
				MTL_FAST_MATH = YES;
				SDKROOT = iphoneos;
				SWIFT_COMPILATION_MODE = wholemodule;
				SWIFT_OPTIMIZATION_LEVEL = "-O";
				VALIDATE_PRODUCT = YES;
			};
			name = Release;
		};
		DACE2F3F2AAF6A640052A12D /* Debug */ = {
			isa = XCBuildConfiguration;
			baseConfigurationReference = 9A3038A59B8A4D3F00E8FD34 /* Pods-RoomRover.debug.xcconfig */;
			buildSettings = {
				ASSETCATALOG_COMPILER_APPICON_NAME = AppIcon;
				ASSETCATALOG_COMPILER_GLOBAL_ACCENT_COLOR_NAME = AccentColor;
				CODE_SIGN_STYLE = Automatic;
				CURRENT_PROJECT_VERSION = 1;
				DEVELOPMENT_TEAM = X6R4LLPCMV;
				GENERATE_INFOPLIST_FILE = YES;
				INFOPLIST_FILE = RoomRover/Info.plist;
				INFOPLIST_KEY_UIApplicationSupportsIndirectInputEvents = YES;
				INFOPLIST_KEY_UILaunchStoryboardName = LaunchScreen;
				INFOPLIST_KEY_UIMainStoryboardFile = "";
				INFOPLIST_KEY_UIRequiresFullScreen = YES;
				INFOPLIST_KEY_UIStatusBarStyle = UIStatusBarStyleLightContent;
				INFOPLIST_KEY_UISupportedInterfaceOrientations = UIInterfaceOrientationPortrait;
				LD_RUNPATH_SEARCH_PATHS = (
					"$(inherited)",
					"@executable_path/Frameworks",
				);
				MARKETING_VERSION = 1.0;
				PRODUCT_BUNDLE_IDENTIFIER = HaydarTeam.RoomRover;
				PRODUCT_NAME = "$(TARGET_NAME)";
				SWIFT_EMIT_LOC_STRINGS = YES;
				SWIFT_VERSION = 5.0;
				TARGETED_DEVICE_FAMILY = "1,2";
			};
			name = Debug;
		};
		DACE2F402AAF6A640052A12D /* Release */ = {
			isa = XCBuildConfiguration;
			baseConfigurationReference = 179791E799418D75F4E6829A /* Pods-RoomRover.release.xcconfig */;
			buildSettings = {
				ASSETCATALOG_COMPILER_APPICON_NAME = AppIcon;
				ASSETCATALOG_COMPILER_GLOBAL_ACCENT_COLOR_NAME = AccentColor;
				CODE_SIGN_STYLE = Automatic;
				CURRENT_PROJECT_VERSION = 1;
				DEVELOPMENT_TEAM = X6R4LLPCMV;
				GENERATE_INFOPLIST_FILE = YES;
				INFOPLIST_FILE = RoomRover/Info.plist;
				INFOPLIST_KEY_UIApplicationSupportsIndirectInputEvents = YES;
				INFOPLIST_KEY_UILaunchStoryboardName = LaunchScreen;
				INFOPLIST_KEY_UIMainStoryboardFile = "";
				INFOPLIST_KEY_UIRequiresFullScreen = YES;
				INFOPLIST_KEY_UIStatusBarStyle = UIStatusBarStyleLightContent;
				INFOPLIST_KEY_UISupportedInterfaceOrientations = UIInterfaceOrientationPortrait;
				LD_RUNPATH_SEARCH_PATHS = (
					"$(inherited)",
					"@executable_path/Frameworks",
				);
				MARKETING_VERSION = 1.0;
				PRODUCT_BUNDLE_IDENTIFIER = HaydarTeam.RoomRover;
				PRODUCT_NAME = "$(TARGET_NAME)";
				SWIFT_EMIT_LOC_STRINGS = YES;
				SWIFT_VERSION = 5.0;
				TARGETED_DEVICE_FAMILY = "1,2";
			};
			name = Release;
		};
/* End XCBuildConfiguration section */

/* Begin XCConfigurationList section */
		DACE2F252AAF6A620052A12D /* Build configuration list for PBXProject "RoomRover" */ = {
			isa = XCConfigurationList;
			buildConfigurations = (
				DACE2F3C2AAF6A640052A12D /* Debug */,
				DACE2F3D2AAF6A640052A12D /* Release */,
			);
			defaultConfigurationIsVisible = 0;
			defaultConfigurationName = Release;
		};
		DACE2F3E2AAF6A640052A12D /* Build configuration list for PBXNativeTarget "RoomRover" */ = {
			isa = XCConfigurationList;
			buildConfigurations = (
				DACE2F3F2AAF6A640052A12D /* Debug */,
				DACE2F402AAF6A640052A12D /* Release */,
			);
			defaultConfigurationIsVisible = 0;
			defaultConfigurationName = Release;
		};
/* End XCConfigurationList section */
	};
	rootObject = DACE2F222AAF6A620052A12D /* Project object */;
}
